
Microsoft Visual Studio Solution File, Format Version 12.00
# Visual Studio Version 17
VisualStudioVersion = 17.5.33530.505
MinimumVisualStudioVersion = 10.0.40219.1
Project("{FAE04EC0-301F-11D3-BF4B-00C04F79EFBC}") = "Ders-5-KatmanlıMimari", "Ders-5-KatmanlıMimari.csproj", "{6EA787FB-DDAD-4F1D-B362-4D13DFC986EC}"
EndProject
Global
	GlobalSection(SolutionConfigurationPlatforms) = preSolution
		Debug|Any CPU = Debug|Any CPU
		Release|Any CPU = Release|Any CPU
	EndGlobalSection
	GlobalSection(ProjectConfigurationPlatforms) = postSolution
		{6EA787FB-DDAD-4F1D-B362-4D13DFC986EC}.Debug|Any CPU.ActiveCfg = Debug|Any CPU
		{6EA787FB-DDAD-4F1D-B362-4D13DFC986EC}.Debug|Any CPU.Build.0 = Debug|Any CPU
		{6EA787FB-DDAD-4F1D-B362-4D13DFC986EC}.Release|Any CPU.ActiveCfg = Release|Any CPU
		{6EA787FB-DDAD-4F1D-B362-4D13DFC986EC}.Release|Any CPU.Build.0 = Release|Any CPU
	EndGlobalSection
	GlobalSection(SolutionProperties) = preSolution
		HideSolutionNode = FALSE
	EndGlobalSection
	GlobalSection(ExtensibilityGlobals) = postSolution
		SolutionGuid = {41B88551-B147-4001-8DBE-DBA4D768141C}
	EndGlobalSection
EndGlobal
